
Microsoft Visual Studio Solution File, Format Version 12.00
# Visual Studio 15
VisualStudioVersion = 15.0.28307.329
MinimumVisualStudioVersion = 10.0.40219.1
Project("{FAE04EC0-301F-11D3-BF4B-00C04F79EFBC}") = "Expresso.Android", "Expresso\Expresso.Android\Expresso.Android.csproj", "{1564E338-BFCE-4829-A9B6-25B528A971E8}"
EndProject
Project("{FAE04EC0-301F-11D3-BF4B-00C04F79EFBC}") = "Expresso.iOS", "Expresso\Expresso.iOS\Expresso.iOS.csproj", "{CE29ED3C-D582-4400-BD9D-D439370B5E2D}"
EndProject
Project("{FAE04EC0-301F-11D3-BF4B-00C04F79EFBC}") = "Expresso", "Expresso\Expresso\Expresso.csproj", "{3690B944-BDF3-42B8-829A-5C10B618214D}"
EndProject
Global
	GlobalSection(SolutionConfigurationPlatforms) = preSolution
		Ad-Hoc|Any CPU = Ad-Hoc|Any CPU
		Ad-Hoc|iPhone = Ad-Hoc|iPhone
		Ad-Hoc|iPhoneSimulator = Ad-Hoc|iPhoneSimulator
		AppStore|Any CPU = AppStore|Any CPU
		AppStore|iPhone = AppStore|iPhone
		AppStore|iPhoneSimulator = AppStore|iPhoneSimulator
		Debug|Any CPU = Debug|Any CPU
		Debug|iPhone = Debug|iPhone
		Debug|iPhoneSimulator = Debug|iPhoneSimulator
		Release|Any CPU = Release|Any CPU
		Release|iPhone = Release|iPhone
		Release|iPhoneSimulator = Release|iPhoneSimulator
	EndGlobalSection
	GlobalSection(ProjectConfigurationPlatforms) = postSolution
		{1564E338-BFCE-4829-A9B6-25B528A971E8}.Ad-Hoc|Any CPU.ActiveCfg = Release|Any CPU
		{1564E338-BFCE-4829-A9B6-25B528A971E8}.Ad-Hoc|Any CPU.Build.0 = Release|Any CPU
		{1564E338-BFCE-4829-A9B6-25B528A971E8}.Ad-Hoc|Any CPU.Deploy.0 = Release|Any CPU
		{1564E338-BFCE-4829-A9B6-25B528A971E8}.Ad-Hoc|iPhone.ActiveCfg = Release|Any CPU
		{1564E338-BFCE-4829-A9B6-25B528A971E8}.Ad-Hoc|iPhone.Build.0 = Release|Any CPU
		{1564E338-BFCE-4829-A9B6-25B528A971E8}.Ad-Hoc|iPhone.Deploy.0 = Release|Any CPU
		{1564E338-BFCE-4829-A9B6-25B528A971E8}.Ad-Hoc|iPhoneSimulator.ActiveCfg = Release|Any CPU
		{1564E338-BFCE-4829-A9B6-25B528A971E8}.Ad-Hoc|iPhoneSimulator.Build.0 = Release|Any CPU
		{1564E338-BFCE-4829-A9B6-25B528A971E8}.Ad-Hoc|iPhoneSimulator.Deploy.0 = Release|Any CPU
		{1564E338-BFCE-4829-A9B6-25B528A971E8}.AppStore|Any CPU.ActiveCfg = Release|Any CPU
		{1564E338-BFCE-4829-A9B6-25B528A971E8}.AppStore|Any CPU.Build.0 = Release|Any CPU
		{1564E338-BFCE-4829-A9B6-25B528A971E8}.AppStore|Any CPU.Deploy.0 = Release|Any CPU
		{1564E338-BFCE-4829-A9B6-25B528A971E8}.AppStore|iPhone.ActiveCfg = Release|Any CPU
		{1564E338-BFCE-4829-A9B6-25B528A971E8}.AppStore|iPhone.Build.0 = Release|Any CPU
		{1564E338-BFCE-4829-A9B6-25B528A971E8}.AppStore|iPhone.Deploy.0 = Release|Any CPU
		{1564E338-BFCE-4829-A9B6-25B528A971E8}.AppStore|iPhoneSimulator.ActiveCfg = Release|Any CPU
		{1564E338-BFCE-4829-A9B6-25B528A971E8}.AppStore|iPhoneSimulator.Build.0 = Release|Any CPU
		{1564E338-BFCE-4829-A9B6-25B528A971E8}.AppStore|iPhoneSimulator.Deploy.0 = Release|Any CPU
		{1564E338-BFCE-4829-A9B6-25B528A971E8}.Debug|Any CPU.ActiveCfg = Debug|Any CPU
		{1564E338-BFCE-4829-A9B6-25B528A971E8}.Debug|Any CPU.Build.0 = Debug|Any CPU
		{1564E338-BFCE-4829-A9B6-25B528A971E8}.Debug|Any CPU.Deploy.0 = Debug|Any CPU
		{1564E338-BFCE-4829-A9B6-25B528A971E8}.Debug|iPhone.ActiveCfg = Debug|Any CPU
		{1564E338-BFCE-4829-A9B6-25B528A971E8}.Debug|iPhone.Build.0 = Debug|Any CPU
		{1564E338-BFCE-4829-A9B6-25B528A971E8}.Debug|iPhone.Deploy.0 = Debug|Any CPU
		{1564E338-BFCE-4829-A9B6-25B528A971E8}.Debug|iPhoneSimulator.ActiveCfg = Debug|Any CPU
		{1564E338-BFCE-4829-A9B6-25B528A971E8}.Debug|iPhoneSimulator.Build.0 = Debug|Any CPU
		{1564E338-BFCE-4829-A9B6-25B528A971E8}.Debug|iPhoneSimulator.Deploy.0 = Debug|Any CPU
		{1564E338-BFCE-4829-A9B6-25B528A971E8}.Release|Any CPU.ActiveCfg = Release|Any CPU
		{1564E338-BFCE-4829-A9B6-25B528A971E8}.Release|Any CPU.Build.0 = Release|Any CPU
		{1564E338-BFCE-4829-A9B6-25B528A971E8}.Release|Any CPU.Deploy.0 = Release|Any CPU
		{1564E338-BFCE-4829-A9B6-25B528A971E8}.Release|iPhone.ActiveCfg = Release|Any CPU
		{1564E338-BFCE-4829-A9B6-25B528A971E8}.Release|iPhone.Build.0 = Release|Any CPU
		{1564E338-BFCE-4829-A9B6-25B528A971E8}.Release|iPhone.Deploy.0 = Release|Any CPU
		{1564E338-BFCE-4829-A9B6-25B528A971E8}.Release|iPhoneSimulator.ActiveCfg = Release|Any CPU
		{1564E338-BFCE-4829-A9B6-25B528A971E8}.Release|iPhoneSimulator.Build.0 = Release|Any CPU
		{1564E338-BFCE-4829-A9B6-25B528A971E8}.Release|iPhoneSimulator.Deploy.0 = Release|Any CPU
		{CE29ED3C-D582-4400-BD9D-D439370B5E2D}.Ad-Hoc|Any CPU.ActiveCfg = Ad-Hoc|iPhone
		{CE29ED3C-D582-4400-BD9D-D439370B5E2D}.Ad-Hoc|Any CPU.Build.0 = Ad-Hoc|iPhone
		{CE29ED3C-D582-4400-BD9D-D439370B5E2D}.Ad-Hoc|Any CPU.Deploy.0 = Ad-Hoc|iPhone
		{CE29ED3C-D582-4400-BD9D-D439370B5E2D}.Ad-Hoc|iPhone.ActiveCfg = Ad-Hoc|iPhone
		{CE29ED3C-D582-4400-BD9D-D439370B5E2D}.Ad-Hoc|iPhone.Build.0 = Ad-Hoc|iPhone
		{CE29ED3C-D582-4400-BD9D-D439370B5E2D}.Ad-Hoc|iPhone.Deploy.0 = Ad-Hoc|iPhone
		{CE29ED3C-D582-4400-BD9D-D439370B5E2D}.Ad-Hoc|iPhoneSimulator.ActiveCfg = Ad-Hoc|iPhoneSimulator
		{CE29ED3C-D582-4400-BD9D-D439370B5E2D}.Ad-Hoc|iPhoneSimulator.Build.0 = Ad-Hoc|iPhoneSimulator
		{CE29ED3C-D582-4400-BD9D-D439370B5E2D}.Ad-Hoc|iPhoneSimulator.Deploy.0 = Ad-Hoc|iPhoneSimulator
		{CE29ED3C-D582-4400-BD9D-D439370B5E2D}.AppStore|Any CPU.ActiveCfg = AppStore|iPhone
		{CE29ED3C-D582-4400-BD9D-D439370B5E2D}.AppStore|Any CPU.Build.0 = AppStore|iPhone
		{CE29ED3C-D582-4400-BD9D-D439370B5E2D}.AppStore|Any CPU.Deploy.0 = AppStore|iPhone
		{CE29ED3C-D582-4400-BD9D-D439370B5E2D}.AppStore|iPhone.ActiveCfg = AppStore|iPhone
		{CE29ED3C-D582-4400-BD9D-D439370B5E2D}.AppStore|iPhone.Build.0 = AppStore|iPhone
		{CE29ED3C-D582-4400-BD9D-D439370B5E2D}.AppStore|iPhone.Deploy.0 = AppStore|iPhone
		{CE29ED3C-D582-4400-BD9D-D439370B5E2D}.AppStore|iPhoneSimulator.ActiveCfg = AppStore|iPhoneSimulator
		{CE29ED3C-D582-4400-BD9D-D439370B5E2D}.AppStore|iPhoneSimulator.Build.0 = AppStore|iPhoneSimulator
		{CE29ED3C-D582-4400-BD9D-D439370B5E2D}.AppStore|iPhoneSimulator.Deploy.0 = AppStore|iPhoneSimulator
		{CE29ED3C-D582-4400-BD9D-D439370B5E2D}.Debug|Any CPU.ActiveCfg = Debug|iPhoneSimulator
		{CE29ED3C-D582-4400-BD9D-D439370B5E2D}.Debug|Any CPU.Build.0 = Debug|iPhoneSimulator
		{CE29ED3C-D582-4400-BD9D-D439370B5E2D}.Debug|Any CPU.Deploy.0 = Debug|iPhoneSimulator
		{CE29ED3C-D582-4400-BD9D-D439370B5E2D}.Debug|iPhone.ActiveCfg = Debug|iPhone
		{CE29ED3C-D582-4400-BD9D-D439370B5E2D}.Debug|iPhone.Build.0 = Debug|iPhone
		{CE29ED3C-D582-4400-BD9D-D439370B5E2D}.Debug|iPhone.Deploy.0 = Debug|iPhone
		{CE29ED3C-D582-4400-BD9D-D439370B5E2D}.Debug|iPhoneSimulator.ActiveCfg = Debug|iPhoneSimulator
		{CE29ED3C-D582-4400-BD9D-D439370B5E2D}.Debug|iPhoneSimulator.Build.0 = Debug|iPhoneSimulator
		{CE29ED3C-D582-4400-BD9D-D439370B5E2D}.Debug|iPhoneSimulator.Deploy.0 = Debug|iPhoneSimulator
		{CE29ED3C-D582-4400-BD9D-D439370B5E2D}.Release|Any CPU.ActiveCfg = Release|iPhone
		{CE29ED3C-D582-4400-BD9D-D439370B5E2D}.Release|Any CPU.Build.0 = Release|iPhone
		{CE29ED3C-D582-4400-BD9D-D439370B5E2D}.Release|Any CPU.Deploy.0 = Release|iPhone
		{CE29ED3C-D582-4400-BD9D-D439370B5E2D}.Release|iPhone.ActiveCfg = Release|iPhone
		{CE29ED3C-D582-4400-BD9D-D439370B5E2D}.Release|iPhone.Build.0 = Release|iPhone
		{CE29ED3C-D582-4400-BD9D-D439370B5E2D}.Release|iPhone.Deploy.0 = Release|iPhone
		{CE29ED3C-D582-4400-BD9D-D439370B5E2D}.Release|iPhoneSimulator.ActiveCfg = Release|iPhoneSimulator
		{CE29ED3C-D582-4400-BD9D-D439370B5E2D}.Release|iPhoneSimulator.Build.0 = Release|iPhoneSimulator
		{CE29ED3C-D582-4400-BD9D-D439370B5E2D}.Release|iPhoneSimulator.Deploy.0 = Release|iPhoneSimulator
		{3690B944-BDF3-42B8-829A-5C10B618214D}.Ad-Hoc|Any CPU.ActiveCfg = Debug|Any CPU
		{3690B944-BDF3-42B8-829A-5C10B618214D}.Ad-Hoc|Any CPU.Build.0 = Debug|Any CPU
		{3690B944-BDF3-42B8-829A-5C10B618214D}.Ad-Hoc|Any CPU.Deploy.0 = Debug|Any CPU
		{3690B944-BDF3-42B8-829A-5C10B618214D}.Ad-Hoc|iPhone.ActiveCfg = Debug|Any CPU
		{3690B944-BDF3-42B8-829A-5C10B618214D}.Ad-Hoc|iPhone.Build.0 = Debug|Any CPU
		{3690B944-BDF3-42B8-829A-5C10B618214D}.Ad-Hoc|iPhone.Deploy.0 = Debug|Any CPU
		{3690B944-BDF3-42B8-829A-5C10B618214D}.Ad-Hoc|iPhoneSimulator.ActiveCfg = Debug|Any CPU
		{3690B944-BDF3-42B8-829A-5C10B618214D}.Ad-Hoc|iPhoneSimulator.Build.0 = Debug|Any CPU
		{3690B944-BDF3-42B8-829A-5C10B618214D}.Ad-Hoc|iPhoneSimulator.Deploy.0 = Debug|Any CPU
		{3690B944-BDF3-42B8-829A-5C10B618214D}.AppStore|Any CPU.ActiveCfg = Debug|Any CPU
		{3690B944-BDF3-42B8-829A-5C10B618214D}.AppStore|Any CPU.Build.0 = Debug|Any CPU
		{3690B944-BDF3-42B8-829A-5C10B618214D}.AppStore|Any CPU.Deploy.0 = Debug|Any CPU
		{3690B944-BDF3-42B8-829A-5C10B618214D}.AppStore|iPhone.ActiveCfg = Debug|Any CPU
		{3690B944-BDF3-42B8-829A-5C10B618214D}.AppStore|iPhone.Build.0 = Debug|Any CPU
		{3690B944-BDF3-42B8-829A-5C10B618214D}.AppStore|iPhone.Deploy.0 = Debug|Any CPU
		{3690B944-BDF3-42B8-829A-5C10B618214D}.AppStore|iPhoneSimulator.ActiveCfg = Debug|Any CPU
		{3690B944-BDF3-42B8-829A-5C10B618214D}.AppStore|iPhoneSimulator.Build.0 = Debug|Any CPU
		{3690B944-BDF3-42B8-829A-5C10B618214D}.AppStore|iPhoneSimulator.Deploy.0 = Debug|Any CPU
		{3690B944-BDF3-42B8-829A-5C10B618214D}.Debug|Any CPU.ActiveCfg = Debug|Any CPU
		{3690B944-BDF3-42B8-829A-5C10B618214D}.Debug|Any CPU.Build.0 = Debug|Any CPU
		{3690B944-BDF3-42B8-829A-5C10B618214D}.Debug|Any CPU.Deploy.0 = Debug|Any CPU
		{3690B944-BDF3-42B8-829A-5C10B618214D}.Debug|iPhone.ActiveCfg = Debug|Any CPU
		{3690B944-BDF3-42B8-829A-5C10B618214D}.Debug|iPhone.Build.0 = Debug|Any CPU
		{3690B944-BDF3-42B8-829A-5C10B618214D}.Debug|iPhone.Deploy.0 = Debug|Any CPU
		{3690B944-BDF3-42B8-829A-5C10B618214D}.Debug|iPhoneSimulator.ActiveCfg = Debug|Any CPU
		{3690B944-BDF3-42B8-829A-5C10B618214D}.Debug|iPhoneSimulator.Build.0 = Debug|Any CPU
		{3690B944-BDF3-42B8-829A-5C10B618214D}.Debug|iPhoneSimulator.Deploy.0 = Debug|Any CPU
		{3690B944-BDF3-42B8-829A-5C10B618214D}.Release|Any CPU.ActiveCfg = Release|Any CPU
		{3690B944-BDF3-42B8-829A-5C10B618214D}.Release|Any CPU.Build.0 = Release|Any CPU
		{3690B944-BDF3-42B8-829A-5C10B618214D}.Release|Any CPU.Deploy.0 = Release|Any CPU
		{3690B944-BDF3-42B8-829A-5C10B618214D}.Release|iPhone.ActiveCfg = Release|Any CPU
		{3690B944-BDF3-42B8-829A-5C10B618214D}.Release|iPhone.Build.0 = Release|Any CPU
		{3690B944-BDF3-42B8-829A-5C10B618214D}.Release|iPhone.Deploy.0 = Release|Any CPU
		{3690B944-BDF3-42B8-829A-5C10B618214D}.Release|iPhoneSimulator.ActiveCfg = Release|Any CPU
		{3690B944-BDF3-42B8-829A-5C10B618214D}.Release|iPhoneSimulator.Build.0 = Release|Any CPU
		{3690B944-BDF3-42B8-829A-5C10B618214D}.Release|iPhoneSimulator.Deploy.0 = Release|Any CPU
	EndGlobalSection
	GlobalSection(SolutionProperties) = preSolution
		HideSolutionNode = FALSE
	EndGlobalSection
	GlobalSection(ExtensibilityGlobals) = postSolution
		SolutionGuid = {B1C2F9D8-DFAE-4A29-AB44-55952459FFCB}
	EndGlobalSection
EndGlobal
